
Microsoft Visual Studio Solution File, Format Version 12.00
# Visual Studio 2013
VisualStudioVersion = 12.0.31101.0
MinimumVisualStudioVersion = 10.0.40219.1
Project("{8BC9CEB8-8B4A-11D0-8D11-00A0C91BC942}") = "Configuration Model Tools", "Configuration Model Tools.vcxproj", "{BC7CD197-06E9-45B2-92C0-CA79BB6462BD}"
EndProject
Global
	GlobalSection(SolutionConfigurationPlatforms) = preSolution
		Debug|Win32 = Debug|Win32
		Release|Win32 = Release|Win32
	EndGlobalSection
	GlobalSection(ProjectConfigurationPlatforms) = postSolution
		{BC7CD197-06E9-45B2-92C0-CA79BB6462BD}.Debug|Win32.ActiveCfg = Debug|Win32
		{BC7CD197-06E9-45B2-92C0-CA79BB6462BD}.Debug|Win32.Build.0 = Debug|Win32
		{BC7CD197-06E9-45B2-92C0-CA79BB6462BD}.Release|Win32.ActiveCfg = Release|Win32
		{BC7CD197-06E9-45B2-92C0-CA79BB6462BD}.Release|Win32.Build.0 = Release|Win32
	EndGlobalSection
	GlobalSection(SolutionProperties) = preSolution
		HideSolutionNode = FALSE
	EndGlobalSection
EndGlobal
